
Microsoft Visual Studio Solution File, Format Version 12.00
# Visual Studio 2013
VisualStudioVersion = 12.0.21005.1
MinimumVisualStudioVersion = 10.0.40219.1
Project("{FAE04EC0-301F-11D3-BF4B-00C04F79EFBC}") = "FoosNet", "FoosNet\FoosNet.csproj", "{9CD11B90-9CBA-4435-B51C-BAEAE1E7FAD9}"
EndProject
Project("{FAE04EC0-301F-11D3-BF4B-00C04F79EFBC}") = "FoosNet.Network", "FoosNet.Network\FoosNet.Network.csproj", "{7A10FABD-29A6-4CA5-B369-DF54303FC00F}"
EndProject
Project("{2150E333-8FDC-42A3-9474-1A3956D46DE8}") = "Test", "Test", "{DC365D2C-E8A8-4298-9CD8-D74A094604F3}"
EndProject
Project("{FAE04EC0-301F-11D3-BF4B-00C04F79EFBC}") = "RobinTestApp", "Test\RobinTestApp\RobinTestApp.csproj", "{9DBFDF2D-18EC-49D9-98B3-A410ACD18E4B}"
EndProject
Project("{FAE04EC0-301F-11D3-BF4B-00C04F79EFBC}") = "TestAlerts", "Test\TestAlerts\TestAlerts.csproj", "{E3C4F145-A714-498D-BD67-D2666CA8251A}"
EndProject
Project("{2150E333-8FDC-42A3-9474-1A3956D46DE8}") = ".nuget", ".nuget", "{83E95F0D-E678-4375-A7BC-A2D5621A3C31}"
	ProjectSection(SolutionItems) = preProject
		.nuget\NuGet.Config = .nuget\NuGet.Config
		.nuget\NuGet.exe = .nuget\NuGet.exe
		.nuget\NuGet.targets = .nuget\NuGet.targets
	EndProjectSection
EndProject
Project("{FAE04EC0-301F-11D3-BF4B-00C04F79EFBC}") = "FoosNet.CommunicatorIntegration", "FoosNet.CommunicatorIntegration\FoosNet.CommunicatorIntegration.csproj", "{D2861328-0CCC-449A-A0B5-0A181033E7F3}"
EndProject
Project("{FAE04EC0-301F-11D3-BF4B-00C04F79EFBC}") = "CommunicatorTestApp", "CommunicatorTestApp\CommunicatorTestApp.csproj", "{CD9D2555-1710-462C-B19A-DFAB564B86D0}"
EndProject
Project("{FAE04EC0-301F-11D3-BF4B-00C04F79EFBC}") = "FoosNet.Web", "FoosNet.Web\FoosNet.Web.csproj", "{F3878C7D-BF64-4FD5-8DCA-022C5902A73E}"
EndProject
Project("{FAE04EC0-301F-11D3-BF4B-00C04F79EFBC}") = "FoosNet.Vision", "FoosNet.Vision\FoosNet.Vision.csproj", "{AD4396A9-7CC1-40FD-9987-3A834CD8F21A}"
EndProject
Project("{FAE04EC0-301F-11D3-BF4B-00C04F79EFBC}") = "FoosNet.Vision.TestApp", "FoosNet.Vision.TestApp\FoosNet.Vision.TestApp.csproj", "{2515CC22-1162-4A33-8A25-4046E5086FDA}"
EndProject
Project("{FAE04EC0-301F-11D3-BF4B-00C04F79EFBC}") = "FoosNet.Vision.UnmanagedDlls", "FoosNet.Vision.UnmanagedDlls\FoosNet.Vision.UnmanagedDlls.csproj", "{85AD0CA3-CB03-4EEE-83EC-17CFD8DA2388}"
EndProject
Global
	GlobalSection(SolutionConfigurationPlatforms) = preSolution
		Debug|Any CPU = Debug|Any CPU
		Release|Any CPU = Release|Any CPU
	EndGlobalSection
	GlobalSection(ProjectConfigurationPlatforms) = postSolution
		{9CD11B90-9CBA-4435-B51C-BAEAE1E7FAD9}.Debug|Any CPU.ActiveCfg = Debug|Any CPU
		{9CD11B90-9CBA-4435-B51C-BAEAE1E7FAD9}.Debug|Any CPU.Build.0 = Debug|Any CPU
		{9CD11B90-9CBA-4435-B51C-BAEAE1E7FAD9}.Release|Any CPU.ActiveCfg = Release|Any CPU
		{9CD11B90-9CBA-4435-B51C-BAEAE1E7FAD9}.Release|Any CPU.Build.0 = Release|Any CPU
		{7A10FABD-29A6-4CA5-B369-DF54303FC00F}.Debug|Any CPU.ActiveCfg = Debug|Any CPU
		{7A10FABD-29A6-4CA5-B369-DF54303FC00F}.Debug|Any CPU.Build.0 = Debug|Any CPU
		{7A10FABD-29A6-4CA5-B369-DF54303FC00F}.Release|Any CPU.ActiveCfg = Release|Any CPU
		{7A10FABD-29A6-4CA5-B369-DF54303FC00F}.Release|Any CPU.Build.0 = Release|Any CPU
		{9DBFDF2D-18EC-49D9-98B3-A410ACD18E4B}.Debug|Any CPU.ActiveCfg = Debug|Any CPU
		{9DBFDF2D-18EC-49D9-98B3-A410ACD18E4B}.Debug|Any CPU.Build.0 = Debug|Any CPU
		{9DBFDF2D-18EC-49D9-98B3-A410ACD18E4B}.Release|Any CPU.ActiveCfg = Release|Any CPU
		{9DBFDF2D-18EC-49D9-98B3-A410ACD18E4B}.Release|Any CPU.Build.0 = Release|Any CPU
		{E3C4F145-A714-498D-BD67-D2666CA8251A}.Debug|Any CPU.ActiveCfg = Debug|Any CPU
		{E3C4F145-A714-498D-BD67-D2666CA8251A}.Debug|Any CPU.Build.0 = Debug|Any CPU
		{E3C4F145-A714-498D-BD67-D2666CA8251A}.Release|Any CPU.ActiveCfg = Release|Any CPU
		{E3C4F145-A714-498D-BD67-D2666CA8251A}.Release|Any CPU.Build.0 = Release|Any CPU
		{D2861328-0CCC-449A-A0B5-0A181033E7F3}.Debug|Any CPU.ActiveCfg = Debug|Any CPU
		{D2861328-0CCC-449A-A0B5-0A181033E7F3}.Debug|Any CPU.Build.0 = Debug|Any CPU
		{D2861328-0CCC-449A-A0B5-0A181033E7F3}.Release|Any CPU.ActiveCfg = Release|Any CPU
		{D2861328-0CCC-449A-A0B5-0A181033E7F3}.Release|Any CPU.Build.0 = Release|Any CPU
		{CD9D2555-1710-462C-B19A-DFAB564B86D0}.Debug|Any CPU.ActiveCfg = Debug|Any CPU
		{CD9D2555-1710-462C-B19A-DFAB564B86D0}.Debug|Any CPU.Build.0 = Debug|Any CPU
		{CD9D2555-1710-462C-B19A-DFAB564B86D0}.Release|Any CPU.ActiveCfg = Release|Any CPU
		{CD9D2555-1710-462C-B19A-DFAB564B86D0}.Release|Any CPU.Build.0 = Release|Any CPU
		{F3878C7D-BF64-4FD5-8DCA-022C5902A73E}.Debug|Any CPU.ActiveCfg = Debug|Any CPU
		{F3878C7D-BF64-4FD5-8DCA-022C5902A73E}.Debug|Any CPU.Build.0 = Debug|Any CPU
		{F3878C7D-BF64-4FD5-8DCA-022C5902A73E}.Release|Any CPU.ActiveCfg = Release|Any CPU
		{F3878C7D-BF64-4FD5-8DCA-022C5902A73E}.Release|Any CPU.Build.0 = Release|Any CPU
		{AD4396A9-7CC1-40FD-9987-3A834CD8F21A}.Debug|Any CPU.ActiveCfg = Debug|Any CPU
		{AD4396A9-7CC1-40FD-9987-3A834CD8F21A}.Debug|Any CPU.Build.0 = Debug|Any CPU
		{AD4396A9-7CC1-40FD-9987-3A834CD8F21A}.Release|Any CPU.ActiveCfg = Release|Any CPU
		{AD4396A9-7CC1-40FD-9987-3A834CD8F21A}.Release|Any CPU.Build.0 = Release|Any CPU
		{2515CC22-1162-4A33-8A25-4046E5086FDA}.Debug|Any CPU.ActiveCfg = Debug|Any CPU
		{2515CC22-1162-4A33-8A25-4046E5086FDA}.Debug|Any CPU.Build.0 = Debug|Any CPU
		{2515CC22-1162-4A33-8A25-4046E5086FDA}.Release|Any CPU.ActiveCfg = Release|Any CPU
		{2515CC22-1162-4A33-8A25-4046E5086FDA}.Release|Any CPU.Build.0 = Release|Any CPU
		{85AD0CA3-CB03-4EEE-83EC-17CFD8DA2388}.Debug|Any CPU.ActiveCfg = Debug|Any CPU
		{85AD0CA3-CB03-4EEE-83EC-17CFD8DA2388}.Release|Any CPU.ActiveCfg = Release|Any CPU
		{85AD0CA3-CB03-4EEE-83EC-17CFD8DA2388}.Release|Any CPU.Build.0 = Release|Any CPU
	EndGlobalSection
	GlobalSection(SolutionProperties) = preSolution
		HideSolutionNode = FALSE
	EndGlobalSection
	GlobalSection(NestedProjects) = preSolution
		{9DBFDF2D-18EC-49D9-98B3-A410ACD18E4B} = {DC365D2C-E8A8-4298-9CD8-D74A094604F3}
		{E3C4F145-A714-498D-BD67-D2666CA8251A} = {DC365D2C-E8A8-4298-9CD8-D74A094604F3}
		{CD9D2555-1710-462C-B19A-DFAB564B86D0} = {DC365D2C-E8A8-4298-9CD8-D74A094604F3}
	EndGlobalSection
EndGlobal
