
Microsoft Visual Studio Solution File, Format Version 12.00
# Visual Studio 2013
VisualStudioVersion = 12.0.21005.1
MinimumVisualStudioVersion = 10.0.40219.1
Project("{FAE04EC0-301F-11D3-BF4B-00C04F79EFBC}") = "FoosNet", "FoosNet\FoosNet.csproj", "{9CD11B90-9CBA-4435-B51C-BAEAE1E7FAD9}"
EndProject
Project("{FAE04EC0-301F-11D3-BF4B-00C04F79EFBC}") = "FoosNet.Network", "FoosNet.Network\FoosNet.Network.csproj", "{7A10FABD-29A6-4CA5-B369-DF54303FC00F}"
EndProject
Project("{FAE04EC0-301F-11D3-BF4B-00C04F79EFBC}") = "TestTcpServer", "Test\TestTcpServer\TestTcpServer.csproj", "{6B05E065-7369-467F-8BFA-E69451354F69}"
EndProject
Project("{2150E333-8FDC-42A3-9474-1A3956D46DE8}") = "Test", "Test", "{DC365D2C-E8A8-4298-9CD8-D74A094604F3}"
EndProject
Project("{FAE04EC0-301F-11D3-BF4B-00C04F79EFBC}") = "RobinTestApp", "Test\RobinTestApp\RobinTestApp.csproj", "{9DBFDF2D-18EC-49D9-98B3-A410ACD18E4B}"
EndProject
Project("{FAE04EC0-301F-11D3-BF4B-00C04F79EFBC}") = "FoosNet.CommunicatorIntegration", "FoosNet.CommunicatorIntegration\FoosNet.CommunicatorIntegration.csproj", "{D2861328-0CCC-449A-A0B5-0A181033E7F3}"
EndProject
Project("{FAE04EC0-301F-11D3-BF4B-00C04F79EFBC}") = "CommunicatorTestApp", "CommunicatorTestApp\CommunicatorTestApp.csproj", "{CD9D2555-1710-462C-B19A-DFAB564B86D0}"
EndProject
Global
	GlobalSection(SolutionConfigurationPlatforms) = preSolution
		Debug|Any CPU = Debug|Any CPU
		Release|Any CPU = Release|Any CPU
	EndGlobalSection
	GlobalSection(ProjectConfigurationPlatforms) = postSolution
		{9CD11B90-9CBA-4435-B51C-BAEAE1E7FAD9}.Debug|Any CPU.ActiveCfg = Debug|Any CPU
		{9CD11B90-9CBA-4435-B51C-BAEAE1E7FAD9}.Debug|Any CPU.Build.0 = Debug|Any CPU
		{9CD11B90-9CBA-4435-B51C-BAEAE1E7FAD9}.Release|Any CPU.ActiveCfg = Release|Any CPU
		{9CD11B90-9CBA-4435-B51C-BAEAE1E7FAD9}.Release|Any CPU.Build.0 = Release|Any CPU
		{7A10FABD-29A6-4CA5-B369-DF54303FC00F}.Debug|Any CPU.ActiveCfg = Debug|Any CPU
		{7A10FABD-29A6-4CA5-B369-DF54303FC00F}.Debug|Any CPU.Build.0 = Debug|Any CPU
		{7A10FABD-29A6-4CA5-B369-DF54303FC00F}.Release|Any CPU.ActiveCfg = Release|Any CPU
		{7A10FABD-29A6-4CA5-B369-DF54303FC00F}.Release|Any CPU.Build.0 = Release|Any CPU
		{6B05E065-7369-467F-8BFA-E69451354F69}.Debug|Any CPU.ActiveCfg = Debug|Any CPU
		{6B05E065-7369-467F-8BFA-E69451354F69}.Debug|Any CPU.Build.0 = Debug|Any CPU
		{6B05E065-7369-467F-8BFA-E69451354F69}.Release|Any CPU.ActiveCfg = Release|Any CPU
		{6B05E065-7369-467F-8BFA-E69451354F69}.Release|Any CPU.Build.0 = Release|Any CPU
		{9DBFDF2D-18EC-49D9-98B3-A410ACD18E4B}.Debug|Any CPU.ActiveCfg = Debug|Any CPU
		{9DBFDF2D-18EC-49D9-98B3-A410ACD18E4B}.Debug|Any CPU.Build.0 = Debug|Any CPU
		{9DBFDF2D-18EC-49D9-98B3-A410ACD18E4B}.Release|Any CPU.ActiveCfg = Release|Any CPU
		{9DBFDF2D-18EC-49D9-98B3-A410ACD18E4B}.Release|Any CPU.Build.0 = Release|Any CPU
		{D2861328-0CCC-449A-A0B5-0A181033E7F3}.Debug|Any CPU.ActiveCfg = Debug|Any CPU
		{D2861328-0CCC-449A-A0B5-0A181033E7F3}.Debug|Any CPU.Build.0 = Debug|Any CPU
		{D2861328-0CCC-449A-A0B5-0A181033E7F3}.Release|Any CPU.ActiveCfg = Release|Any CPU
		{D2861328-0CCC-449A-A0B5-0A181033E7F3}.Release|Any CPU.Build.0 = Release|Any CPU
		{CD9D2555-1710-462C-B19A-DFAB564B86D0}.Debug|Any CPU.ActiveCfg = Debug|Any CPU
		{CD9D2555-1710-462C-B19A-DFAB564B86D0}.Debug|Any CPU.Build.0 = Debug|Any CPU
		{CD9D2555-1710-462C-B19A-DFAB564B86D0}.Release|Any CPU.ActiveCfg = Release|Any CPU
		{CD9D2555-1710-462C-B19A-DFAB564B86D0}.Release|Any CPU.Build.0 = Release|Any CPU
	EndGlobalSection
	GlobalSection(SolutionProperties) = preSolution
		HideSolutionNode = FALSE
	EndGlobalSection
	GlobalSection(NestedProjects) = preSolution
		{6B05E065-7369-467F-8BFA-E69451354F69} = {DC365D2C-E8A8-4298-9CD8-D74A094604F3}
		{9DBFDF2D-18EC-49D9-98B3-A410ACD18E4B} = {DC365D2C-E8A8-4298-9CD8-D74A094604F3}
		{CD9D2555-1710-462C-B19A-DFAB564B86D0} = {DC365D2C-E8A8-4298-9CD8-D74A094604F3}
	EndGlobalSection
EndGlobal
